
Microsoft Visual Studio Solution File, Format Version 12.00
# Visual Studio Version 17
VisualStudioVersion = 17.3.32929.385
MinimumVisualStudioVersion = 10.0.40219.1
Project("{FAE04EC0-301F-11D3-BF4B-00C04F79EFBC}") = "BlazorApp1", "BlazorApp1\BlazorApp1.csproj", "{C2C80276-7AFB-4B1A-A49A-C7C4BCC31202}"
EndProject
Global
	GlobalSection(SolutionConfigurationPlatforms) = preSolution
		Debug|Any CPU = Debug|Any CPU
		Release|Any CPU = Release|Any CPU
	EndGlobalSection
	GlobalSection(ProjectConfigurationPlatforms) = postSolution
		{C2C80276-7AFB-4B1A-A49A-C7C4BCC31202}.Debug|Any CPU.ActiveCfg = Debug|Any CPU
		{C2C80276-7AFB-4B1A-A49A-C7C4BCC31202}.Debug|Any CPU.Build.0 = Debug|Any CPU
		{C2C80276-7AFB-4B1A-A49A-C7C4BCC31202}.Release|Any CPU.ActiveCfg = Release|Any CPU
		{C2C80276-7AFB-4B1A-A49A-C7C4BCC31202}.Release|Any CPU.Build.0 = Release|Any CPU
	EndGlobalSection
	GlobalSection(SolutionProperties) = preSolution
		HideSolutionNode = FALSE
	EndGlobalSection
	GlobalSection(ExtensibilityGlobals) = postSolution
		SolutionGuid = {F881CE19-3FB9-4509-BC24-8A4C0E993619}
	EndGlobalSection
EndGlobal
